
Microsoft Visual Studio Solution File, Format Version 12.00
# Visual Studio Version 16
VisualStudioVersion = 16.0.29324.140
MinimumVisualStudioVersion = 10.0.40219.1
Project("{2150E333-8FDC-42A3-9474-1A3956D46DE8}") = "src", "src", "{B8B803BB-B5E1-46AF-B1A7-B0F2D68937A9}"
EndProject
Project("{2150E333-8FDC-42A3-9474-1A3956D46DE8}") = "tests", "tests", "{9B70831D-E1C1-4546-9119-E15B818D0891}"
EndProject
Project("{2150E333-8FDC-42A3-9474-1A3956D46DE8}") = "Solution Items", "Solution Items", "{E1C5B7DD-3AF3-4C72-A81E-39A2251E543F}"
	ProjectSection(SolutionItems) = preProject
		.editorconfig = .editorconfig
		.github\workflows\build.yml = .github\workflows\build.yml
		.github\workflows\publish.yml = .github\workflows\publish.yml
		README.md = README.md
		.template.config\template.json = .template.config\template.json
		.github\workflows\test.yml = .github\workflows\test.yml
	EndProjectSection
EndProject
Project("{2150E333-8FDC-42A3-9474-1A3956D46DE8}") = "samples", "samples", "{E4E0947C-8D64-453B-BA45-BD95A5D1AA05}"
EndProject
Project("{9A19103F-16F7-4668-BE54-9A1E7A4F7556}") = "Apsk.Tests", "tests\Apsk.Tests\Apsk.Tests.csproj", "{6294CFA5-F5BD-4AE1-B677-8AF4E8CDA8F7}"
EndProject
Project("{9A19103F-16F7-4668-BE54-9A1E7A4F7556}") = "Users.API", "samples\Users.API\Users.API.csproj", "{B32466C1-5004-4981-A747-AD68AFA5B011}"
EndProject
Project("{9A19103F-16F7-4668-BE54-9A1E7A4F7556}") = "CatalogItems.API", "samples\CatalogItems.API\CatalogItems.API.csproj", "{E9230825-7E73-44E6-98C6-F04772A4D099}"
EndProject
Project("{9A19103F-16F7-4668-BE54-9A1E7A4F7556}") = "ServiceDiscovery.ConsoleApp", "samples\ServiceDiscovery.ConsoleApp\ServiceDiscovery.ConsoleApp.csproj", "{0EEA770C-0ABD-4AE8-9BBA-31E7B2E92E82}"
EndProject
Project("{9A19103F-16F7-4668-BE54-9A1E7A4F7556}") = "Gateway.API", "samples\Gateway.API\Gateway.API.csproj", "{28150A3B-1A09-4363-9FDC-19077B2593E7}"
EndProject
Project("{2150E333-8FDC-42A3-9474-1A3956D46DE8}") = "BuildingBlocks", "BuildingBlocks", "{00ADE308-DD52-4187-A63F-95019E3B9366}"
EndProject
Project("{2150E333-8FDC-42A3-9474-1A3956D46DE8}") = "Services", "Services", "{C38DA08C-B068-47E0-AED1-22EE6A52FB4B}"
EndProject
Project("{2150E333-8FDC-42A3-9474-1A3956D46DE8}") = "WebApps", "WebApps", "{D924E1A8-4AFF-4BF2-8E0A-FEC7F7AC3DEE}"
EndProject
Project("{9A19103F-16F7-4668-BE54-9A1E7A4F7556}") = "Apsk", "src\BuilingBlocks\Apsk\Apsk.csproj", "{DF58E865-3128-49A2-AF97-44786D0CE902}"
EndProject
Project("{9A19103F-16F7-4668-BE54-9A1E7A4F7556}") = "Apsk.AspNetCore", "src\BuilingBlocks\Apsk.AspNetCore\Apsk.AspNetCore.csproj", "{CF4E8FBB-7CA8-4E84-8C61-CB0C36B4E7A2}"
EndProject
Project("{9A19103F-16F7-4668-BE54-9A1E7A4F7556}") = "Apsk.Cloud", "src\BuilingBlocks\Apsk.Cloud\Apsk.Cloud.csproj", "{38343584-61D0-4C1A-90DD-78BB77E9F7E2}"
EndProject
Project("{9A19103F-16F7-4668-BE54-9A1E7A4F7556}") = "Apsk.Utils", "src\BuilingBlocks\Apsk.Utils\Apsk.Utils.csproj", "{6428B963-981C-4F65-9EB5-3CE3B2F4D148}"
EndProject
Project("{9A19103F-16F7-4668-BE54-9A1E7A4F7556}") = "Apsk.Sample.Api", "src\Services\Apsk.Sample.Api\Apsk.Sample.Api.csproj", "{41436C53-DF0A-48E0-9C75-7DF4029DA347}"
EndProject
Project("{9A19103F-16F7-4668-BE54-9A1E7A4F7556}") = "Apsk.Sample.App", "src\Services\Apsk.Sample.App\Apsk.Sample.App.csproj", "{AE7FD1ED-90A7-45EC-BC53-EBCC0768E7A0}"
EndProject
Project("{9A19103F-16F7-4668-BE54-9A1E7A4F7556}") = "Apsk.Sample.Domain", "src\Services\Apsk.Sample.Domain\Apsk.Sample.Domain.csproj", "{7E81DA12-A32A-4667-9860-393C55D5F1CA}"
EndProject
Project("{9A19103F-16F7-4668-BE54-9A1E7A4F7556}") = "Apsk.Sample.Infrastructure", "src\Services\Apsk.Sample.Infrastructure\Apsk.Sample.Infrastructure.csproj", "{3C89116D-C567-4340-8BFB-EB115874F2F3}"
EndProject
Project("{FAE04EC0-301F-11D3-BF4B-00C04F79EFBC}") = "Apsk.Ddd.Domain", "src\BuilingBlocks\Apsk.Ddd.Domain\Apsk.Ddd.Domain.csproj", "{26259A0E-5C18-4739-9511-5AC57742089F}"
EndProject
Project("{FAE04EC0-301F-11D3-BF4B-00C04F79EFBC}") = "Apsk.Ddd.Repositories", "src\BuilingBlocks\Apsk.Ddd.Repositories\Apsk.Ddd.Repositories.csproj", "{55A17F24-585B-4516-AE5D-B07B3448EA1E}"
EndProject
Global
	GlobalSection(SolutionConfigurationPlatforms) = preSolution
		Debug|Any CPU = Debug|Any CPU
		Release|Any CPU = Release|Any CPU
	EndGlobalSection
	GlobalSection(ProjectConfigurationPlatforms) = postSolution
		{6294CFA5-F5BD-4AE1-B677-8AF4E8CDA8F7}.Debug|Any CPU.ActiveCfg = Debug|Any CPU
		{6294CFA5-F5BD-4AE1-B677-8AF4E8CDA8F7}.Debug|Any CPU.Build.0 = Debug|Any CPU
		{6294CFA5-F5BD-4AE1-B677-8AF4E8CDA8F7}.Release|Any CPU.ActiveCfg = Release|Any CPU
		{6294CFA5-F5BD-4AE1-B677-8AF4E8CDA8F7}.Release|Any CPU.Build.0 = Release|Any CPU
		{B32466C1-5004-4981-A747-AD68AFA5B011}.Debug|Any CPU.ActiveCfg = Debug|Any CPU
		{B32466C1-5004-4981-A747-AD68AFA5B011}.Debug|Any CPU.Build.0 = Debug|Any CPU
		{B32466C1-5004-4981-A747-AD68AFA5B011}.Release|Any CPU.ActiveCfg = Release|Any CPU
		{B32466C1-5004-4981-A747-AD68AFA5B011}.Release|Any CPU.Build.0 = Release|Any CPU
		{E9230825-7E73-44E6-98C6-F04772A4D099}.Debug|Any CPU.ActiveCfg = Debug|Any CPU
		{E9230825-7E73-44E6-98C6-F04772A4D099}.Debug|Any CPU.Build.0 = Debug|Any CPU
		{E9230825-7E73-44E6-98C6-F04772A4D099}.Release|Any CPU.ActiveCfg = Release|Any CPU
		{E9230825-7E73-44E6-98C6-F04772A4D099}.Release|Any CPU.Build.0 = Release|Any CPU
		{0EEA770C-0ABD-4AE8-9BBA-31E7B2E92E82}.Debug|Any CPU.ActiveCfg = Debug|Any CPU
		{0EEA770C-0ABD-4AE8-9BBA-31E7B2E92E82}.Debug|Any CPU.Build.0 = Debug|Any CPU
		{0EEA770C-0ABD-4AE8-9BBA-31E7B2E92E82}.Release|Any CPU.ActiveCfg = Release|Any CPU
		{0EEA770C-0ABD-4AE8-9BBA-31E7B2E92E82}.Release|Any CPU.Build.0 = Release|Any CPU
		{28150A3B-1A09-4363-9FDC-19077B2593E7}.Debug|Any CPU.ActiveCfg = Debug|Any CPU
		{28150A3B-1A09-4363-9FDC-19077B2593E7}.Debug|Any CPU.Build.0 = Debug|Any CPU
		{28150A3B-1A09-4363-9FDC-19077B2593E7}.Release|Any CPU.ActiveCfg = Release|Any CPU
		{28150A3B-1A09-4363-9FDC-19077B2593E7}.Release|Any CPU.Build.0 = Release|Any CPU
		{DF58E865-3128-49A2-AF97-44786D0CE902}.Debug|Any CPU.ActiveCfg = Debug|Any CPU
		{DF58E865-3128-49A2-AF97-44786D0CE902}.Debug|Any CPU.Build.0 = Debug|Any CPU
		{DF58E865-3128-49A2-AF97-44786D0CE902}.Release|Any CPU.ActiveCfg = Release|Any CPU
		{DF58E865-3128-49A2-AF97-44786D0CE902}.Release|Any CPU.Build.0 = Release|Any CPU
		{CF4E8FBB-7CA8-4E84-8C61-CB0C36B4E7A2}.Debug|Any CPU.ActiveCfg = Debug|Any CPU
		{CF4E8FBB-7CA8-4E84-8C61-CB0C36B4E7A2}.Debug|Any CPU.Build.0 = Debug|Any CPU
		{CF4E8FBB-7CA8-4E84-8C61-CB0C36B4E7A2}.Release|Any CPU.ActiveCfg = Release|Any CPU
		{CF4E8FBB-7CA8-4E84-8C61-CB0C36B4E7A2}.Release|Any CPU.Build.0 = Release|Any CPU
		{38343584-61D0-4C1A-90DD-78BB77E9F7E2}.Debug|Any CPU.ActiveCfg = Debug|Any CPU
		{38343584-61D0-4C1A-90DD-78BB77E9F7E2}.Debug|Any CPU.Build.0 = Debug|Any CPU
		{38343584-61D0-4C1A-90DD-78BB77E9F7E2}.Release|Any CPU.ActiveCfg = Release|Any CPU
		{38343584-61D0-4C1A-90DD-78BB77E9F7E2}.Release|Any CPU.Build.0 = Release|Any CPU
		{6428B963-981C-4F65-9EB5-3CE3B2F4D148}.Debug|Any CPU.ActiveCfg = Debug|Any CPU
		{6428B963-981C-4F65-9EB5-3CE3B2F4D148}.Debug|Any CPU.Build.0 = Debug|Any CPU
		{6428B963-981C-4F65-9EB5-3CE3B2F4D148}.Release|Any CPU.ActiveCfg = Release|Any CPU
		{6428B963-981C-4F65-9EB5-3CE3B2F4D148}.Release|Any CPU.Build.0 = Release|Any CPU
		{41436C53-DF0A-48E0-9C75-7DF4029DA347}.Debug|Any CPU.ActiveCfg = Debug|Any CPU
		{41436C53-DF0A-48E0-9C75-7DF4029DA347}.Debug|Any CPU.Build.0 = Debug|Any CPU
		{41436C53-DF0A-48E0-9C75-7DF4029DA347}.Release|Any CPU.ActiveCfg = Release|Any CPU
		{41436C53-DF0A-48E0-9C75-7DF4029DA347}.Release|Any CPU.Build.0 = Release|Any CPU
		{AE7FD1ED-90A7-45EC-BC53-EBCC0768E7A0}.Debug|Any CPU.ActiveCfg = Debug|Any CPU
		{AE7FD1ED-90A7-45EC-BC53-EBCC0768E7A0}.Debug|Any CPU.Build.0 = Debug|Any CPU
		{AE7FD1ED-90A7-45EC-BC53-EBCC0768E7A0}.Release|Any CPU.ActiveCfg = Release|Any CPU
		{AE7FD1ED-90A7-45EC-BC53-EBCC0768E7A0}.Release|Any CPU.Build.0 = Release|Any CPU
		{7E81DA12-A32A-4667-9860-393C55D5F1CA}.Debug|Any CPU.ActiveCfg = Debug|Any CPU
		{7E81DA12-A32A-4667-9860-393C55D5F1CA}.Debug|Any CPU.Build.0 = Debug|Any CPU
		{7E81DA12-A32A-4667-9860-393C55D5F1CA}.Release|Any CPU.ActiveCfg = Release|Any CPU
		{7E81DA12-A32A-4667-9860-393C55D5F1CA}.Release|Any CPU.Build.0 = Release|Any CPU
		{3C89116D-C567-4340-8BFB-EB115874F2F3}.Debug|Any CPU.ActiveCfg = Debug|Any CPU
		{3C89116D-C567-4340-8BFB-EB115874F2F3}.Debug|Any CPU.Build.0 = Debug|Any CPU
		{3C89116D-C567-4340-8BFB-EB115874F2F3}.Release|Any CPU.ActiveCfg = Release|Any CPU
		{3C89116D-C567-4340-8BFB-EB115874F2F3}.Release|Any CPU.Build.0 = Release|Any CPU
		{26259A0E-5C18-4739-9511-5AC57742089F}.Debug|Any CPU.ActiveCfg = Debug|Any CPU
		{26259A0E-5C18-4739-9511-5AC57742089F}.Debug|Any CPU.Build.0 = Debug|Any CPU
		{26259A0E-5C18-4739-9511-5AC57742089F}.Release|Any CPU.ActiveCfg = Release|Any CPU
		{26259A0E-5C18-4739-9511-5AC57742089F}.Release|Any CPU.Build.0 = Release|Any CPU
		{55A17F24-585B-4516-AE5D-B07B3448EA1E}.Debug|Any CPU.ActiveCfg = Debug|Any CPU
		{55A17F24-585B-4516-AE5D-B07B3448EA1E}.Debug|Any CPU.Build.0 = Debug|Any CPU
		{55A17F24-585B-4516-AE5D-B07B3448EA1E}.Release|Any CPU.ActiveCfg = Release|Any CPU
		{55A17F24-585B-4516-AE5D-B07B3448EA1E}.Release|Any CPU.Build.0 = Release|Any CPU
	EndGlobalSection
	GlobalSection(SolutionProperties) = preSolution
		HideSolutionNode = FALSE
	EndGlobalSection
	GlobalSection(NestedProjects) = preSolution
		{6294CFA5-F5BD-4AE1-B677-8AF4E8CDA8F7} = {9B70831D-E1C1-4546-9119-E15B818D0891}
		{B32466C1-5004-4981-A747-AD68AFA5B011} = {E4E0947C-8D64-453B-BA45-BD95A5D1AA05}
		{E9230825-7E73-44E6-98C6-F04772A4D099} = {E4E0947C-8D64-453B-BA45-BD95A5D1AA05}
		{0EEA770C-0ABD-4AE8-9BBA-31E7B2E92E82} = {E4E0947C-8D64-453B-BA45-BD95A5D1AA05}
		{28150A3B-1A09-4363-9FDC-19077B2593E7} = {E4E0947C-8D64-453B-BA45-BD95A5D1AA05}
		{00ADE308-DD52-4187-A63F-95019E3B9366} = {B8B803BB-B5E1-46AF-B1A7-B0F2D68937A9}
		{C38DA08C-B068-47E0-AED1-22EE6A52FB4B} = {B8B803BB-B5E1-46AF-B1A7-B0F2D68937A9}
		{D924E1A8-4AFF-4BF2-8E0A-FEC7F7AC3DEE} = {B8B803BB-B5E1-46AF-B1A7-B0F2D68937A9}
		{DF58E865-3128-49A2-AF97-44786D0CE902} = {00ADE308-DD52-4187-A63F-95019E3B9366}
		{CF4E8FBB-7CA8-4E84-8C61-CB0C36B4E7A2} = {00ADE308-DD52-4187-A63F-95019E3B9366}
		{38343584-61D0-4C1A-90DD-78BB77E9F7E2} = {00ADE308-DD52-4187-A63F-95019E3B9366}
		{6428B963-981C-4F65-9EB5-3CE3B2F4D148} = {00ADE308-DD52-4187-A63F-95019E3B9366}
		{41436C53-DF0A-48E0-9C75-7DF4029DA347} = {C38DA08C-B068-47E0-AED1-22EE6A52FB4B}
		{AE7FD1ED-90A7-45EC-BC53-EBCC0768E7A0} = {C38DA08C-B068-47E0-AED1-22EE6A52FB4B}
		{7E81DA12-A32A-4667-9860-393C55D5F1CA} = {C38DA08C-B068-47E0-AED1-22EE6A52FB4B}
		{3C89116D-C567-4340-8BFB-EB115874F2F3} = {C38DA08C-B068-47E0-AED1-22EE6A52FB4B}
		{26259A0E-5C18-4739-9511-5AC57742089F} = {00ADE308-DD52-4187-A63F-95019E3B9366}
		{55A17F24-585B-4516-AE5D-B07B3448EA1E} = {00ADE308-DD52-4187-A63F-95019E3B9366}
	EndGlobalSection
	GlobalSection(ExtensibilityGlobals) = postSolution
		SolutionGuid = {292C65A0-48C8-4A35-99DF-87786AB829E8}
	EndGlobalSection
EndGlobal
