
Microsoft Visual Studio Solution File, Format Version 12.00
# Visual Studio Version 16
VisualStudioVersion = 16.0.29324.140
MinimumVisualStudioVersion = 10.0.40219.1
Project("{2150E333-8FDC-42A3-9474-1A3956D46DE8}") = "fx", "fx", "{23788AFE-E093-4FE0-A769-6965D309C258}"
EndProject
Project("{2150E333-8FDC-42A3-9474-1A3956D46DE8}") = "orleans", "orleans", "{C75D3000-EAA8-4417-95EA-28A2F44B484D}"
EndProject
Project("{9A19103F-16F7-4668-BE54-9A1E7A4F7556}") = "Infrastructure", "src\Infrastructure\Infrastructure.csproj", "{21C40519-AC73-471C-B0FA-535F33BC8990}"
EndProject
Project("{9A19103F-16F7-4668-BE54-9A1E7A4F7556}") = "Infrastructure.Bus", "src\Infrastructure.Bus\Infrastructure.Bus.csproj", "{BF794B7A-7052-4BA1-908F-81AC18D05DA8}"
EndProject
Project("{9A19103F-16F7-4668-BE54-9A1E7A4F7556}") = "Infrastructure.Data", "src\Infrastructure.Data\Infrastructure.Data.csproj", "{97E144E4-4B22-4332-9353-0018E1A0A690}"
EndProject
Project("{9A19103F-16F7-4668-BE54-9A1E7A4F7556}") = "Infrastructure.Utils", "src\Infrastructure.Utils\Infrastructure.Utils.csproj", "{34CBDCEB-6A8C-4070-AA46-CB587EF0C8A0}"
EndProject
Project("{9A19103F-16F7-4668-BE54-9A1E7A4F7556}") = "Infrastructure.Web", "src\Infrastructure.Web\Infrastructure.Web.csproj", "{8E935623-9A98-4E96-8B7C-03DE24425A6A}"
EndProject
Project("{2150E333-8FDC-42A3-9474-1A3956D46DE8}") = "src", "src", "{B8B803BB-B5E1-46AF-B1A7-B0F2D68937A9}"
EndProject
Project("{2150E333-8FDC-42A3-9474-1A3956D46DE8}") = "test", "test", "{9B70831D-E1C1-4546-9119-E15B818D0891}"
EndProject
Project("{9A19103F-16F7-4668-BE54-9A1E7A4F7556}") = "BootSharp.API", "test\BootSharp.API\BootSharp.API.csproj", "{FF06EC0E-79D6-4973-9893-63C87932FC5C}"
EndProject
Project("{9A19103F-16F7-4668-BE54-9A1E7A4F7556}") = "BootSharp.ConsoleApp", "test\BootSharp.ConsoleApp\BootSharp.ConsoleApp.csproj", "{D84C730C-545A-4ABF-A4DD-5EE297239BA1}"
EndProject
Project("{9A19103F-16F7-4668-BE54-9A1E7A4F7556}") = "BootSharp.Grains", "test\BootSharp.Grains\BootSharp.Grains.csproj", "{019BA022-1C70-4DF0-B775-2C8D3B26627B}"
EndProject
Project("{9A19103F-16F7-4668-BE54-9A1E7A4F7556}") = "BootSharp.Silo", "test\BootSharp.Silo\BootSharp.Silo.csproj", "{F6CE4E16-3981-4BC2-B71A-D48FDBD58B8C}"
EndProject
Project("{9A19103F-16F7-4668-BE54-9A1E7A4F7556}") = "Infrastructure.ConsoleApp", "test\Infrastructure.ConsoleApp\Infrastructure.ConsoleApp.csproj", "{4B17CE71-0800-4A20-B661-6D0B40910AC7}"
EndProject
Project("{FAE04EC0-301F-11D3-BF4B-00C04F79EFBC}") = "Soap.ConsoleApp", "test\Soap.ConsoleApp\Soap.ConsoleApp.csproj", "{8EA8D8FD-E9C1-4957-BAAD-86913C1A21CE}"
EndProject
Global
	GlobalSection(SolutionConfigurationPlatforms) = preSolution
		Debug|Any CPU = Debug|Any CPU
		Release|Any CPU = Release|Any CPU
	EndGlobalSection
	GlobalSection(ProjectConfigurationPlatforms) = postSolution
		{21C40519-AC73-471C-B0FA-535F33BC8990}.Debug|Any CPU.ActiveCfg = Debug|Any CPU
		{21C40519-AC73-471C-B0FA-535F33BC8990}.Debug|Any CPU.Build.0 = Debug|Any CPU
		{21C40519-AC73-471C-B0FA-535F33BC8990}.Release|Any CPU.ActiveCfg = Release|Any CPU
		{21C40519-AC73-471C-B0FA-535F33BC8990}.Release|Any CPU.Build.0 = Release|Any CPU
		{BF794B7A-7052-4BA1-908F-81AC18D05DA8}.Debug|Any CPU.ActiveCfg = Debug|Any CPU
		{BF794B7A-7052-4BA1-908F-81AC18D05DA8}.Debug|Any CPU.Build.0 = Debug|Any CPU
		{BF794B7A-7052-4BA1-908F-81AC18D05DA8}.Release|Any CPU.ActiveCfg = Release|Any CPU
		{BF794B7A-7052-4BA1-908F-81AC18D05DA8}.Release|Any CPU.Build.0 = Release|Any CPU
		{97E144E4-4B22-4332-9353-0018E1A0A690}.Debug|Any CPU.ActiveCfg = Debug|Any CPU
		{97E144E4-4B22-4332-9353-0018E1A0A690}.Debug|Any CPU.Build.0 = Debug|Any CPU
		{97E144E4-4B22-4332-9353-0018E1A0A690}.Release|Any CPU.ActiveCfg = Release|Any CPU
		{97E144E4-4B22-4332-9353-0018E1A0A690}.Release|Any CPU.Build.0 = Release|Any CPU
		{34CBDCEB-6A8C-4070-AA46-CB587EF0C8A0}.Debug|Any CPU.ActiveCfg = Debug|Any CPU
		{34CBDCEB-6A8C-4070-AA46-CB587EF0C8A0}.Debug|Any CPU.Build.0 = Debug|Any CPU
		{34CBDCEB-6A8C-4070-AA46-CB587EF0C8A0}.Release|Any CPU.ActiveCfg = Release|Any CPU
		{34CBDCEB-6A8C-4070-AA46-CB587EF0C8A0}.Release|Any CPU.Build.0 = Release|Any CPU
		{8E935623-9A98-4E96-8B7C-03DE24425A6A}.Debug|Any CPU.ActiveCfg = Debug|Any CPU
		{8E935623-9A98-4E96-8B7C-03DE24425A6A}.Debug|Any CPU.Build.0 = Debug|Any CPU
		{8E935623-9A98-4E96-8B7C-03DE24425A6A}.Release|Any CPU.ActiveCfg = Release|Any CPU
		{8E935623-9A98-4E96-8B7C-03DE24425A6A}.Release|Any CPU.Build.0 = Release|Any CPU
		{FF06EC0E-79D6-4973-9893-63C87932FC5C}.Debug|Any CPU.ActiveCfg = Debug|Any CPU
		{FF06EC0E-79D6-4973-9893-63C87932FC5C}.Debug|Any CPU.Build.0 = Debug|Any CPU
		{FF06EC0E-79D6-4973-9893-63C87932FC5C}.Release|Any CPU.ActiveCfg = Release|Any CPU
		{FF06EC0E-79D6-4973-9893-63C87932FC5C}.Release|Any CPU.Build.0 = Release|Any CPU
		{D84C730C-545A-4ABF-A4DD-5EE297239BA1}.Debug|Any CPU.ActiveCfg = Debug|Any CPU
		{D84C730C-545A-4ABF-A4DD-5EE297239BA1}.Debug|Any CPU.Build.0 = Debug|Any CPU
		{D84C730C-545A-4ABF-A4DD-5EE297239BA1}.Release|Any CPU.ActiveCfg = Release|Any CPU
		{D84C730C-545A-4ABF-A4DD-5EE297239BA1}.Release|Any CPU.Build.0 = Release|Any CPU
		{019BA022-1C70-4DF0-B775-2C8D3B26627B}.Debug|Any CPU.ActiveCfg = Debug|Any CPU
		{019BA022-1C70-4DF0-B775-2C8D3B26627B}.Debug|Any CPU.Build.0 = Debug|Any CPU
		{019BA022-1C70-4DF0-B775-2C8D3B26627B}.Release|Any CPU.ActiveCfg = Release|Any CPU
		{019BA022-1C70-4DF0-B775-2C8D3B26627B}.Release|Any CPU.Build.0 = Release|Any CPU
		{F6CE4E16-3981-4BC2-B71A-D48FDBD58B8C}.Debug|Any CPU.ActiveCfg = Debug|Any CPU
		{F6CE4E16-3981-4BC2-B71A-D48FDBD58B8C}.Debug|Any CPU.Build.0 = Debug|Any CPU
		{F6CE4E16-3981-4BC2-B71A-D48FDBD58B8C}.Release|Any CPU.ActiveCfg = Release|Any CPU
		{F6CE4E16-3981-4BC2-B71A-D48FDBD58B8C}.Release|Any CPU.Build.0 = Release|Any CPU
		{4B17CE71-0800-4A20-B661-6D0B40910AC7}.Debug|Any CPU.ActiveCfg = Debug|Any CPU
		{4B17CE71-0800-4A20-B661-6D0B40910AC7}.Debug|Any CPU.Build.0 = Debug|Any CPU
		{4B17CE71-0800-4A20-B661-6D0B40910AC7}.Release|Any CPU.ActiveCfg = Release|Any CPU
		{4B17CE71-0800-4A20-B661-6D0B40910AC7}.Release|Any CPU.Build.0 = Release|Any CPU
		{8EA8D8FD-E9C1-4957-BAAD-86913C1A21CE}.Debug|Any CPU.ActiveCfg = Debug|Any CPU
		{8EA8D8FD-E9C1-4957-BAAD-86913C1A21CE}.Debug|Any CPU.Build.0 = Debug|Any CPU
		{8EA8D8FD-E9C1-4957-BAAD-86913C1A21CE}.Release|Any CPU.ActiveCfg = Release|Any CPU
		{8EA8D8FD-E9C1-4957-BAAD-86913C1A21CE}.Release|Any CPU.Build.0 = Release|Any CPU
	EndGlobalSection
	GlobalSection(SolutionProperties) = preSolution
		HideSolutionNode = FALSE
	EndGlobalSection
	GlobalSection(NestedProjects) = preSolution
		{23788AFE-E093-4FE0-A769-6965D309C258} = {B8B803BB-B5E1-46AF-B1A7-B0F2D68937A9}
		{C75D3000-EAA8-4417-95EA-28A2F44B484D} = {9B70831D-E1C1-4546-9119-E15B818D0891}
		{21C40519-AC73-471C-B0FA-535F33BC8990} = {23788AFE-E093-4FE0-A769-6965D309C258}
		{BF794B7A-7052-4BA1-908F-81AC18D05DA8} = {23788AFE-E093-4FE0-A769-6965D309C258}
		{97E144E4-4B22-4332-9353-0018E1A0A690} = {23788AFE-E093-4FE0-A769-6965D309C258}
		{34CBDCEB-6A8C-4070-AA46-CB587EF0C8A0} = {23788AFE-E093-4FE0-A769-6965D309C258}
		{8E935623-9A98-4E96-8B7C-03DE24425A6A} = {23788AFE-E093-4FE0-A769-6965D309C258}
		{FF06EC0E-79D6-4973-9893-63C87932FC5C} = {C75D3000-EAA8-4417-95EA-28A2F44B484D}
		{D84C730C-545A-4ABF-A4DD-5EE297239BA1} = {C75D3000-EAA8-4417-95EA-28A2F44B484D}
		{019BA022-1C70-4DF0-B775-2C8D3B26627B} = {C75D3000-EAA8-4417-95EA-28A2F44B484D}
		{F6CE4E16-3981-4BC2-B71A-D48FDBD58B8C} = {C75D3000-EAA8-4417-95EA-28A2F44B484D}
		{4B17CE71-0800-4A20-B661-6D0B40910AC7} = {9B70831D-E1C1-4546-9119-E15B818D0891}
		{8EA8D8FD-E9C1-4957-BAAD-86913C1A21CE} = {9B70831D-E1C1-4546-9119-E15B818D0891}
	EndGlobalSection
	GlobalSection(ExtensibilityGlobals) = postSolution
		SolutionGuid = {292C65A0-48C8-4A35-99DF-87786AB829E8}
	EndGlobalSection
EndGlobal
