
Microsoft Visual Studio Solution File, Format Version 12.00
# Visual Studio Version 16
VisualStudioVersion = 16.0.29324.140
MinimumVisualStudioVersion = 10.0.40219.1
Project("{2150E333-8FDC-42A3-9474-1A3956D46DE8}") = "fx", "fx", "{23788AFE-E093-4FE0-A769-6965D309C258}"
EndProject
Project("{2150E333-8FDC-42A3-9474-1A3956D46DE8}") = "orleans", "orleans", "{C75D3000-EAA8-4417-95EA-28A2F44B484D}"
EndProject
Project("{9A19103F-16F7-4668-BE54-9A1E7A4F7556}") = "Infrastructure", "src\Infrastructure\Infrastructure.csproj", "{21C40519-AC73-471C-B0FA-535F33BC8990}"
EndProject
Project("{9A19103F-16F7-4668-BE54-9A1E7A4F7556}") = "Infrastructure.Bus", "src\Infrastructure.Bus\Infrastructure.Bus.csproj", "{BF794B7A-7052-4BA1-908F-81AC18D05DA8}"
EndProject
Project("{9A19103F-16F7-4668-BE54-9A1E7A4F7556}") = "Infrastructure.Data", "src\Infrastructure.Data\Infrastructure.Data.csproj", "{97E144E4-4B22-4332-9353-0018E1A0A690}"
EndProject
Project("{9A19103F-16F7-4668-BE54-9A1E7A4F7556}") = "Infrastructure.Utils", "src\Infrastructure.Utils\Infrastructure.Utils.csproj", "{34CBDCEB-6A8C-4070-AA46-CB587EF0C8A0}"
EndProject
Project("{9A19103F-16F7-4668-BE54-9A1E7A4F7556}") = "Infrastructure.Web", "src\Infrastructure.Web\Infrastructure.Web.csproj", "{8E935623-9A98-4E96-8B7C-03DE24425A6A}"
EndProject
Project("{9A19103F-16F7-4668-BE54-9A1E7A4F7556}") = "BootSharp.Silo", "src\BootSharp.Silo\BootSharp.Silo.csproj", "{F5935EA7-4964-4D1C-AD1B-91C55B8E057E}"
EndProject
Project("{9A19103F-16F7-4668-BE54-9A1E7A4F7556}") = "BootSharp.ConsoleApp", "src\BootSharp.ConsoleApp\BootSharp.ConsoleApp.csproj", "{170C30BE-8D69-430B-8079-1C2BDDC1003B}"
EndProject
Project("{9A19103F-16F7-4668-BE54-9A1E7A4F7556}") = "BootSharp.Grains", "src\BootSharp.Grains\BootSharp.Grains.csproj", "{F0E7F270-AB23-451A-9E09-9FEBF5F21BF4}"
EndProject
Project("{9A19103F-16F7-4668-BE54-9A1E7A4F7556}") = "BootSharp.API", "src\BootSharp.API\BootSharp.API.csproj", "{6A40D9C2-FEBE-48FF-B3C4-4376D410C696}"
EndProject
Project("{9A19103F-16F7-4668-BE54-9A1E7A4F7556}") = "Infrastructure.ConsoleApp", "src\Infrastructure.ConsoleApp\Infrastructure.ConsoleApp.csproj", "{1C17113A-BCD7-4E71-BB73-AF7099CFCDC1}"
EndProject
Project("{FAE04EC0-301F-11D3-BF4B-00C04F79EFBC}") = "Soap.ConsoleApp", "src\Soap.ConsoleApp\Soap.ConsoleApp.csproj", "{8EA8D8FD-E9C1-4957-BAAD-86913C1A21CE}"
EndProject
Global
	GlobalSection(SolutionConfigurationPlatforms) = preSolution
		Debug|Any CPU = Debug|Any CPU
		Release|Any CPU = Release|Any CPU
	EndGlobalSection
	GlobalSection(ProjectConfigurationPlatforms) = postSolution
		{21C40519-AC73-471C-B0FA-535F33BC8990}.Debug|Any CPU.ActiveCfg = Debug|Any CPU
		{21C40519-AC73-471C-B0FA-535F33BC8990}.Debug|Any CPU.Build.0 = Debug|Any CPU
		{21C40519-AC73-471C-B0FA-535F33BC8990}.Release|Any CPU.ActiveCfg = Release|Any CPU
		{21C40519-AC73-471C-B0FA-535F33BC8990}.Release|Any CPU.Build.0 = Release|Any CPU
		{BF794B7A-7052-4BA1-908F-81AC18D05DA8}.Debug|Any CPU.ActiveCfg = Debug|Any CPU
		{BF794B7A-7052-4BA1-908F-81AC18D05DA8}.Debug|Any CPU.Build.0 = Debug|Any CPU
		{BF794B7A-7052-4BA1-908F-81AC18D05DA8}.Release|Any CPU.ActiveCfg = Release|Any CPU
		{BF794B7A-7052-4BA1-908F-81AC18D05DA8}.Release|Any CPU.Build.0 = Release|Any CPU
		{97E144E4-4B22-4332-9353-0018E1A0A690}.Debug|Any CPU.ActiveCfg = Debug|Any CPU
		{97E144E4-4B22-4332-9353-0018E1A0A690}.Debug|Any CPU.Build.0 = Debug|Any CPU
		{97E144E4-4B22-4332-9353-0018E1A0A690}.Release|Any CPU.ActiveCfg = Release|Any CPU
		{97E144E4-4B22-4332-9353-0018E1A0A690}.Release|Any CPU.Build.0 = Release|Any CPU
		{34CBDCEB-6A8C-4070-AA46-CB587EF0C8A0}.Debug|Any CPU.ActiveCfg = Debug|Any CPU
		{34CBDCEB-6A8C-4070-AA46-CB587EF0C8A0}.Debug|Any CPU.Build.0 = Debug|Any CPU
		{34CBDCEB-6A8C-4070-AA46-CB587EF0C8A0}.Release|Any CPU.ActiveCfg = Release|Any CPU
		{34CBDCEB-6A8C-4070-AA46-CB587EF0C8A0}.Release|Any CPU.Build.0 = Release|Any CPU
		{8E935623-9A98-4E96-8B7C-03DE24425A6A}.Debug|Any CPU.ActiveCfg = Debug|Any CPU
		{8E935623-9A98-4E96-8B7C-03DE24425A6A}.Debug|Any CPU.Build.0 = Debug|Any CPU
		{8E935623-9A98-4E96-8B7C-03DE24425A6A}.Release|Any CPU.ActiveCfg = Release|Any CPU
		{8E935623-9A98-4E96-8B7C-03DE24425A6A}.Release|Any CPU.Build.0 = Release|Any CPU
		{F5935EA7-4964-4D1C-AD1B-91C55B8E057E}.Debug|Any CPU.ActiveCfg = Debug|Any CPU
		{F5935EA7-4964-4D1C-AD1B-91C55B8E057E}.Debug|Any CPU.Build.0 = Debug|Any CPU
		{F5935EA7-4964-4D1C-AD1B-91C55B8E057E}.Release|Any CPU.ActiveCfg = Release|Any CPU
		{F5935EA7-4964-4D1C-AD1B-91C55B8E057E}.Release|Any CPU.Build.0 = Release|Any CPU
		{170C30BE-8D69-430B-8079-1C2BDDC1003B}.Debug|Any CPU.ActiveCfg = Debug|Any CPU
		{170C30BE-8D69-430B-8079-1C2BDDC1003B}.Debug|Any CPU.Build.0 = Debug|Any CPU
		{170C30BE-8D69-430B-8079-1C2BDDC1003B}.Release|Any CPU.ActiveCfg = Release|Any CPU
		{170C30BE-8D69-430B-8079-1C2BDDC1003B}.Release|Any CPU.Build.0 = Release|Any CPU
		{F0E7F270-AB23-451A-9E09-9FEBF5F21BF4}.Debug|Any CPU.ActiveCfg = Debug|Any CPU
		{F0E7F270-AB23-451A-9E09-9FEBF5F21BF4}.Debug|Any CPU.Build.0 = Debug|Any CPU
		{F0E7F270-AB23-451A-9E09-9FEBF5F21BF4}.Release|Any CPU.ActiveCfg = Release|Any CPU
		{F0E7F270-AB23-451A-9E09-9FEBF5F21BF4}.Release|Any CPU.Build.0 = Release|Any CPU
		{6A40D9C2-FEBE-48FF-B3C4-4376D410C696}.Debug|Any CPU.ActiveCfg = Debug|Any CPU
		{6A40D9C2-FEBE-48FF-B3C4-4376D410C696}.Debug|Any CPU.Build.0 = Debug|Any CPU
		{6A40D9C2-FEBE-48FF-B3C4-4376D410C696}.Release|Any CPU.ActiveCfg = Release|Any CPU
		{6A40D9C2-FEBE-48FF-B3C4-4376D410C696}.Release|Any CPU.Build.0 = Release|Any CPU
		{1C17113A-BCD7-4E71-BB73-AF7099CFCDC1}.Debug|Any CPU.ActiveCfg = Debug|Any CPU
		{1C17113A-BCD7-4E71-BB73-AF7099CFCDC1}.Debug|Any CPU.Build.0 = Debug|Any CPU
		{1C17113A-BCD7-4E71-BB73-AF7099CFCDC1}.Release|Any CPU.ActiveCfg = Release|Any CPU
		{1C17113A-BCD7-4E71-BB73-AF7099CFCDC1}.Release|Any CPU.Build.0 = Release|Any CPU
		{8EA8D8FD-E9C1-4957-BAAD-86913C1A21CE}.Debug|Any CPU.ActiveCfg = Debug|Any CPU
		{8EA8D8FD-E9C1-4957-BAAD-86913C1A21CE}.Debug|Any CPU.Build.0 = Debug|Any CPU
		{8EA8D8FD-E9C1-4957-BAAD-86913C1A21CE}.Release|Any CPU.ActiveCfg = Release|Any CPU
		{8EA8D8FD-E9C1-4957-BAAD-86913C1A21CE}.Release|Any CPU.Build.0 = Release|Any CPU
	EndGlobalSection
	GlobalSection(SolutionProperties) = preSolution
		HideSolutionNode = FALSE
	EndGlobalSection
	GlobalSection(NestedProjects) = preSolution
		{21C40519-AC73-471C-B0FA-535F33BC8990} = {23788AFE-E093-4FE0-A769-6965D309C258}
		{BF794B7A-7052-4BA1-908F-81AC18D05DA8} = {23788AFE-E093-4FE0-A769-6965D309C258}
		{97E144E4-4B22-4332-9353-0018E1A0A690} = {23788AFE-E093-4FE0-A769-6965D309C258}
		{34CBDCEB-6A8C-4070-AA46-CB587EF0C8A0} = {23788AFE-E093-4FE0-A769-6965D309C258}
		{8E935623-9A98-4E96-8B7C-03DE24425A6A} = {23788AFE-E093-4FE0-A769-6965D309C258}
		{F5935EA7-4964-4D1C-AD1B-91C55B8E057E} = {C75D3000-EAA8-4417-95EA-28A2F44B484D}
		{170C30BE-8D69-430B-8079-1C2BDDC1003B} = {C75D3000-EAA8-4417-95EA-28A2F44B484D}
		{F0E7F270-AB23-451A-9E09-9FEBF5F21BF4} = {C75D3000-EAA8-4417-95EA-28A2F44B484D}
		{6A40D9C2-FEBE-48FF-B3C4-4376D410C696} = {C75D3000-EAA8-4417-95EA-28A2F44B484D}
	EndGlobalSection
	GlobalSection(ExtensibilityGlobals) = postSolution
		SolutionGuid = {292C65A0-48C8-4A35-99DF-87786AB829E8}
	EndGlobalSection
EndGlobal
