
Microsoft Visual Studio Solution File, Format Version 12.00
# Visual Studio Version 16
VisualStudioVersion = 16.0.29324.140
MinimumVisualStudioVersion = 10.0.40219.1
Project("{2150E333-8FDC-42A3-9474-1A3956D46DE8}") = "src", "src", "{B8B803BB-B5E1-46AF-B1A7-B0F2D68937A9}"
EndProject
Project("{2150E333-8FDC-42A3-9474-1A3956D46DE8}") = "tests", "tests", "{9B70831D-E1C1-4546-9119-E15B818D0891}"
EndProject
Project("{9A19103F-16F7-4668-BE54-9A1E7A4F7556}") = "Apsk", "src\Apsk\Apsk.csproj", "{14EF795B-A586-4632-B114-C58E37689E3F}"
EndProject
Project("{9A19103F-16F7-4668-BE54-9A1E7A4F7556}") = "Apsk.Utils", "src\Apsk.Utils\Apsk.Utils.csproj", "{AF4B1868-9258-4C21-8700-7933F757D8BF}"
EndProject
Project("{9A19103F-16F7-4668-BE54-9A1E7A4F7556}") = "Apsk.AspNetCore", "src\Apsk.AspNetCore\Apsk.AspNetCore.csproj", "{499B4095-96C6-4C33-85A0-3A240FA63CB9}"
EndProject
Project("{2150E333-8FDC-42A3-9474-1A3956D46DE8}") = "Solution Items", "Solution Items", "{E1C5B7DD-3AF3-4C72-A81E-39A2251E543F}"
	ProjectSection(SolutionItems) = preProject
		.editorconfig = .editorconfig
		.github\workflows\build.yml = .github\workflows\build.yml
		.github\workflows\publish.yml = .github\workflows\publish.yml
		README.md = README.md
		.template.config\template.json = .template.config\template.json
		.github\workflows\test.yml = .github\workflows\test.yml
	EndProjectSection
EndProject
Project("{2150E333-8FDC-42A3-9474-1A3956D46DE8}") = "samples", "samples", "{E4E0947C-8D64-453B-BA45-BD95A5D1AA05}"
EndProject
Project("{9A19103F-16F7-4668-BE54-9A1E7A4F7556}") = "Apsk.Tests", "tests\Apsk.Tests\Apsk.Tests.csproj", "{6294CFA5-F5BD-4AE1-B677-8AF4E8CDA8F7}"
EndProject
Project("{9A19103F-16F7-4668-BE54-9A1E7A4F7556}") = "Apsk.Cloud", "src\Apsk.Cloud\Apsk.Cloud.csproj", "{A7CC7651-75E4-4CFA-B86B-BF89400F0BF7}"
EndProject
Project("{9A19103F-16F7-4668-BE54-9A1E7A4F7556}") = "Users.API", "samples\Users.API\Users.API.csproj", "{B32466C1-5004-4981-A747-AD68AFA5B011}"
EndProject
Project("{9A19103F-16F7-4668-BE54-9A1E7A4F7556}") = "CatalogItems.API", "samples\CatalogItems.API\CatalogItems.API.csproj", "{E9230825-7E73-44E6-98C6-F04772A4D099}"
EndProject
Project("{9A19103F-16F7-4668-BE54-9A1E7A4F7556}") = "ServiceDiscovery.ConsoleApp", "samples\ServiceDiscovery.ConsoleApp\ServiceDiscovery.ConsoleApp.csproj", "{0EEA770C-0ABD-4AE8-9BBA-31E7B2E92E82}"
EndProject
Project("{9A19103F-16F7-4668-BE54-9A1E7A4F7556}") = "Gateway.API", "samples\Gateway.API\Gateway.API.csproj", "{28150A3B-1A09-4363-9FDC-19077B2593E7}"
EndProject
Project("{FAE04EC0-301F-11D3-BF4B-00C04F79EFBC}") = "Project.Api", "src\Project.Api\Project.Api.csproj", "{03AE23A4-A00D-4992-9D2C-12CB628A6232}"
EndProject
Global
	GlobalSection(SolutionConfigurationPlatforms) = preSolution
		Debug|Any CPU = Debug|Any CPU
		Release|Any CPU = Release|Any CPU
	EndGlobalSection
	GlobalSection(ProjectConfigurationPlatforms) = postSolution
		{14EF795B-A586-4632-B114-C58E37689E3F}.Debug|Any CPU.ActiveCfg = Debug|Any CPU
		{14EF795B-A586-4632-B114-C58E37689E3F}.Debug|Any CPU.Build.0 = Debug|Any CPU
		{14EF795B-A586-4632-B114-C58E37689E3F}.Release|Any CPU.ActiveCfg = Release|Any CPU
		{14EF795B-A586-4632-B114-C58E37689E3F}.Release|Any CPU.Build.0 = Release|Any CPU
		{AF4B1868-9258-4C21-8700-7933F757D8BF}.Debug|Any CPU.ActiveCfg = Debug|Any CPU
		{AF4B1868-9258-4C21-8700-7933F757D8BF}.Debug|Any CPU.Build.0 = Debug|Any CPU
		{AF4B1868-9258-4C21-8700-7933F757D8BF}.Release|Any CPU.ActiveCfg = Release|Any CPU
		{AF4B1868-9258-4C21-8700-7933F757D8BF}.Release|Any CPU.Build.0 = Release|Any CPU
		{499B4095-96C6-4C33-85A0-3A240FA63CB9}.Debug|Any CPU.ActiveCfg = Debug|Any CPU
		{499B4095-96C6-4C33-85A0-3A240FA63CB9}.Debug|Any CPU.Build.0 = Debug|Any CPU
		{499B4095-96C6-4C33-85A0-3A240FA63CB9}.Release|Any CPU.ActiveCfg = Release|Any CPU
		{499B4095-96C6-4C33-85A0-3A240FA63CB9}.Release|Any CPU.Build.0 = Release|Any CPU
		{6294CFA5-F5BD-4AE1-B677-8AF4E8CDA8F7}.Debug|Any CPU.ActiveCfg = Debug|Any CPU
		{6294CFA5-F5BD-4AE1-B677-8AF4E8CDA8F7}.Debug|Any CPU.Build.0 = Debug|Any CPU
		{6294CFA5-F5BD-4AE1-B677-8AF4E8CDA8F7}.Release|Any CPU.ActiveCfg = Release|Any CPU
		{6294CFA5-F5BD-4AE1-B677-8AF4E8CDA8F7}.Release|Any CPU.Build.0 = Release|Any CPU
		{A7CC7651-75E4-4CFA-B86B-BF89400F0BF7}.Debug|Any CPU.ActiveCfg = Debug|Any CPU
		{A7CC7651-75E4-4CFA-B86B-BF89400F0BF7}.Debug|Any CPU.Build.0 = Debug|Any CPU
		{A7CC7651-75E4-4CFA-B86B-BF89400F0BF7}.Release|Any CPU.ActiveCfg = Release|Any CPU
		{A7CC7651-75E4-4CFA-B86B-BF89400F0BF7}.Release|Any CPU.Build.0 = Release|Any CPU
		{B32466C1-5004-4981-A747-AD68AFA5B011}.Debug|Any CPU.ActiveCfg = Debug|Any CPU
		{B32466C1-5004-4981-A747-AD68AFA5B011}.Debug|Any CPU.Build.0 = Debug|Any CPU
		{B32466C1-5004-4981-A747-AD68AFA5B011}.Release|Any CPU.ActiveCfg = Release|Any CPU
		{B32466C1-5004-4981-A747-AD68AFA5B011}.Release|Any CPU.Build.0 = Release|Any CPU
		{E9230825-7E73-44E6-98C6-F04772A4D099}.Debug|Any CPU.ActiveCfg = Debug|Any CPU
		{E9230825-7E73-44E6-98C6-F04772A4D099}.Debug|Any CPU.Build.0 = Debug|Any CPU
		{E9230825-7E73-44E6-98C6-F04772A4D099}.Release|Any CPU.ActiveCfg = Release|Any CPU
		{E9230825-7E73-44E6-98C6-F04772A4D099}.Release|Any CPU.Build.0 = Release|Any CPU
		{0EEA770C-0ABD-4AE8-9BBA-31E7B2E92E82}.Debug|Any CPU.ActiveCfg = Debug|Any CPU
		{0EEA770C-0ABD-4AE8-9BBA-31E7B2E92E82}.Debug|Any CPU.Build.0 = Debug|Any CPU
		{0EEA770C-0ABD-4AE8-9BBA-31E7B2E92E82}.Release|Any CPU.ActiveCfg = Release|Any CPU
		{0EEA770C-0ABD-4AE8-9BBA-31E7B2E92E82}.Release|Any CPU.Build.0 = Release|Any CPU
		{28150A3B-1A09-4363-9FDC-19077B2593E7}.Debug|Any CPU.ActiveCfg = Debug|Any CPU
		{28150A3B-1A09-4363-9FDC-19077B2593E7}.Debug|Any CPU.Build.0 = Debug|Any CPU
		{28150A3B-1A09-4363-9FDC-19077B2593E7}.Release|Any CPU.ActiveCfg = Release|Any CPU
		{28150A3B-1A09-4363-9FDC-19077B2593E7}.Release|Any CPU.Build.0 = Release|Any CPU
		{03AE23A4-A00D-4992-9D2C-12CB628A6232}.Debug|Any CPU.ActiveCfg = Debug|Any CPU
		{03AE23A4-A00D-4992-9D2C-12CB628A6232}.Debug|Any CPU.Build.0 = Debug|Any CPU
		{03AE23A4-A00D-4992-9D2C-12CB628A6232}.Release|Any CPU.ActiveCfg = Release|Any CPU
		{03AE23A4-A00D-4992-9D2C-12CB628A6232}.Release|Any CPU.Build.0 = Release|Any CPU
	EndGlobalSection
	GlobalSection(SolutionProperties) = preSolution
		HideSolutionNode = FALSE
	EndGlobalSection
	GlobalSection(NestedProjects) = preSolution
		{14EF795B-A586-4632-B114-C58E37689E3F} = {B8B803BB-B5E1-46AF-B1A7-B0F2D68937A9}
		{AF4B1868-9258-4C21-8700-7933F757D8BF} = {B8B803BB-B5E1-46AF-B1A7-B0F2D68937A9}
		{499B4095-96C6-4C33-85A0-3A240FA63CB9} = {B8B803BB-B5E1-46AF-B1A7-B0F2D68937A9}
		{6294CFA5-F5BD-4AE1-B677-8AF4E8CDA8F7} = {9B70831D-E1C1-4546-9119-E15B818D0891}
		{A7CC7651-75E4-4CFA-B86B-BF89400F0BF7} = {B8B803BB-B5E1-46AF-B1A7-B0F2D68937A9}
		{B32466C1-5004-4981-A747-AD68AFA5B011} = {E4E0947C-8D64-453B-BA45-BD95A5D1AA05}
		{E9230825-7E73-44E6-98C6-F04772A4D099} = {E4E0947C-8D64-453B-BA45-BD95A5D1AA05}
		{0EEA770C-0ABD-4AE8-9BBA-31E7B2E92E82} = {E4E0947C-8D64-453B-BA45-BD95A5D1AA05}
		{28150A3B-1A09-4363-9FDC-19077B2593E7} = {E4E0947C-8D64-453B-BA45-BD95A5D1AA05}
		{03AE23A4-A00D-4992-9D2C-12CB628A6232} = {B8B803BB-B5E1-46AF-B1A7-B0F2D68937A9}
	EndGlobalSection
	GlobalSection(ExtensibilityGlobals) = postSolution
		SolutionGuid = {292C65A0-48C8-4A35-99DF-87786AB829E8}
	EndGlobalSection
EndGlobal
